// !$*UTF8*$!
{
	archiveVersion = 1;
	classes = {
	};
	objectVersion = 46;
	objects = {

/* Begin PBXBuildFile section */
		2E3974791EBE688A00ACF944 /* AppDelegate.swift in Sources */ = {isa = PBXBuildFile; fileRef = 2E3974781EBE688A00ACF944 /* AppDelegate.swift */; };
		2E39747B1EBE688A00ACF944 /* ViewController.swift in Sources */ = {isa = PBXBuildFile; fileRef = 2E39747A1EBE688A00ACF944 /* ViewController.swift */; };
		2E39747E1EBE688A00ACF944 /* Main.storyboard in Resources */ = {isa = PBXBuildFile; fileRef = 2E39747C1EBE688A00ACF944 /* Main.storyboard */; };
		2E3974801EBE688A00ACF944 /* Assets.xcassets in Resources */ = {isa = PBXBuildFile; fileRef = 2E39747F1EBE688A00ACF944 /* Assets.xcassets */; };
		2E3974831EBE688A00ACF944 /* LaunchScreen.storyboard in Resources */ = {isa = PBXBuildFile; fileRef = 2E3974811EBE688A00ACF944 /* LaunchScreen.storyboard */; };
/* End PBXBuildFile section */

/* Begin PBXFileReference section */
		2E3974751EBE688A00ACF944 /* RamadanMobark.app */ = {isa = PBXFileReference; explicitFileType = wrapper.application; includeInIndex = 0; path = RamadanMobark.app; sourceTree = BUILT_PRODUCTS_DIR; };
		2E3974781EBE688A00ACF944 /* AppDelegate.swift */ = {isa = PBXFileReference; lastKnownFileType = sourcecode.swift; path = AppDelegate.swift; sourceTree = "<group>"; };
		2E39747A1EBE688A00ACF944 /* ViewController.swift */ = {isa = PBXFileReference; lastKnownFileType = sourcecode.swift; path = ViewController.swift; sourceTree = "<group>"; };
		2E39747D1EBE688A00ACF944 /* Base */ = {isa = PBXFileReference; lastKnownFileType = file.storyboard; name = Base; path = Base.lproj/Main.storyboard; sourceTree = "<group>"; };
		2E39747F1EBE688A00ACF944 /* Assets.xcassets */ = {isa = PBXFileReference; lastKnownFileType = folder.assetcatalog; path = Assets.xcassets; sourceTree = "<group>"; };
		2E3974821EBE688A00ACF944 /* Base */ = {isa = PBXFileReference; lastKnownFileType = file.storyboard; name = Base; path = Base.lproj/LaunchScreen.storyboard; sourceTree = "<group>"; };
		2E3974841EBE688A00ACF944 /* Info.plist */ = {isa = PBXFileReference; lastKnownFileType = text.plist.xml; path = Info.plist; sourceTree = "<group>"; };
/* End PBXFileReference section */

/* Begin PBXFrameworksBuildPhase section */
		2E3974721EBE688900ACF944 /* Frameworks */ = {
			isa = PBXFrameworksBuildPhase;
			buildActionMask = 2147483647;
			files = (
			);
			runOnlyForDeploymentPostprocessing = 0;
		};
/* End PBXFrameworksBuildPhase section */

/* Begin PBXGroup section */
		2E39746C1EBE688900ACF944 = {
			isa = PBXGroup;
			children = (
				2E3974771EBE688A00ACF944 /* RamadanMobark */,
				2E3974761EBE688A00ACF944 /* Products */,
			);
			sourceTree = "<group>";
		};
		2E3974761EBE688A00ACF944 /* Products */ = {
			isa = PBXGroup;
			children = (
				2E3974751EBE688A00ACF944 /* RamadanMobark.app */,
			);
			name = Products;
			sourceTree = "<group>";
		};
		2E3974771EBE688A00ACF944 /* RamadanMobark */ = {
			isa = PBXGroup;
			children = (
				2E3974781EBE688A00ACF944 /* AppDelegate.swift */,
				2E39747A1EBE688A00ACF944 /* ViewController.swift */,
				2E39747C1EBE688A00ACF944 /* Main.storyboard */,
				2E39747F1EBE688A00ACF944 /* Assets.xcassets */,
				2E3974811EBE688A00ACF944 /* LaunchScreen.storyboard */,
				2E3974841EBE688A00ACF944 /* Info.plist */,
			);
			path = RamadanMobark;
			sourceTree = "<group>";
		};
/* End PBXGroup section */

/* Begin PBXNativeTarget section */
		2E3974741EBE688900ACF944 /* RamadanMobark */ = {
			isa = PBXNativeTarget;
			buildConfigurationList = 2E3974871EBE688A00ACF944 /* Build configuration list for PBXNativeTarget "RamadanMobark" */;
			buildPhases = (
				2E3974711EBE688900ACF944 /* Sources */,
				2E3974721EBE688900ACF944 /* Frameworks */,
				2E3974731EBE688900ACF944 /* Resources */,
			);
			buildRules = (
			);
			dependencies = (
			);
			name = RamadanMobark;
			productName = RamadanMobark;
			productReference = 2E3974751EBE688A00ACF944 /* RamadanMobark.app */;
			productType = "com.apple.product-type.application";
		};
/* End PBXNativeTarget section */

/* Begin PBXProject section */
		2E39746D1EBE688900ACF944 /* Project object */ = {
			isa = PBXProject;
			attributes = {
				LastSwiftUpdateCheck = 0830;
				LastUpgradeCheck = 0830;
				ORGANIZATIONNAME = "Mohammed Elkholy";
				TargetAttributes = {
					2E3974741EBE688900ACF944 = {
						CreatedOnToolsVersion = 8.3.2;
						ProvisioningStyle = Automatic;
					};
				};
			};
			buildConfigurationList = 2E3974701EBE688900ACF944 /* Build configuration list for PBXProject "RamadanMobark" */;
			compatibilityVersion = "Xcode 3.2";
			developmentRegion = English;
			hasScannedForEncodings = 0;
			knownRegions = (
				en,
				Base,
			);
			mainGroup = 2E39746C1EBE688900ACF944;
			productRefGroup = 2E3974761EBE688A00ACF944 /* Products */;
			projectDirPath = "";
			projectRoot = "";
			targets = (
				2E3974741EBE688900ACF944 /* RamadanMobark */,
			);
		};
/* End PBXProject section */

/* Begin PBXResourcesBuildPhase section */
		2E3974731EBE688900ACF944 /* Resources */ = {
			isa = PBXResourcesBuildPhase;
			buildActionMask = 2147483647;
			files = (
				2E3974831EBE688A00ACF944 /* LaunchScreen.storyboard in Resources */,
				2E3974801EBE688A00ACF944 /* Assets.xcassets in Resources */,
				2E39747E1EBE688A00ACF944 /* Main.storyboard in Resources */,
			);
			runOnlyForDeploymentPostprocessing = 0;
		};
/* End PBXResourcesBuildPhase section */

/* Begin PBXSourcesBuildPhase section */
		2E3974711EBE688900ACF944 /* Sources */ = {
			isa = PBXSourcesBuildPhase;
			buildActionMask = 2147483647;
			files = (
				2E39747B1EBE688A00ACF944 /* ViewController.swift in Sources */,
				2E3974791EBE688A00ACF944 /* AppDelegate.swift in Sources */,
			);
			runOnlyForDeploymentPostprocessing = 0;
		};
/* End PBXSourcesBuildPhase section */

/* Begin PBXVariantGroup section */
		2E39747C1EBE688A00ACF944 /* Main.storyboard */ = {
			isa = PBXVariantGroup;
			children = (
				2E39747D1EBE688A00ACF944 /* Base */,
			);
			name = Main.storyboard;
			sourceTree = "<group>";
		};
		2E3974811EBE688A00ACF944 /* LaunchScreen.storyboard */ = {
			isa = PBXVariantGroup;
			children = (
				2E3974821EBE688A00ACF944 /* Base */,
			);
			name = LaunchScreen.storyboard;
			sourceTree = "<group>";
		};
/* End PBXVariantGroup section */

/* Begin XCBuildConfiguration section */
		2E3974851EBE688A00ACF944 /* Debug */ = {
			isa = XCBuildConfiguration;
			buildSettings = {
				ALWAYS_SEARCH_USER_PATHS = NO;
				CLANG_ANALYZER_NONNULL = YES;
				CLANG_ANALYZER_NUMBER_OBJECT_CONVERSION = YES_AGGRESSIVE;
				CLANG_CXX_LANGUAGE_STANDARD = "gnu++0x";
				CLANG_CXX_LIBRARY = "libc++";
				CLANG_ENABLE_MODULES = YES;
				CLANG_ENABLE_OBJC_ARC = YES;
				CLANG_WARN_BOOL_CONVERSION = YES;
				CLANG_WARN_CONSTANT_CONVERSION = YES;
				CLANG_WARN_DIRECT_OBJC_ISA_USAGE = YES_ERROR;
				CLANG_WARN_DOCUMENTATION_COMMENTS = YES;
				CLANG_WARN_EMPTY_BODY = YES;
				CLANG_WARN_ENUM_CONVERSION = YES;
				CLANG_WARN_INFINITE_RECURSION = YES;
				CLANG_WARN_INT_CONVERSION = YES;
				CLANG_WARN_OBJC_ROOT_CLASS = YES_ERROR;
				CLANG_WARN_SUSPICIOUS_MOVE = YES;
				CLANG_WARN_UNREACHABLE_CODE = YES;
				CLANG_WARN__DUPLICATE_METHOD_MATCH = YES;
				"CODE_SIGN_IDENTITY[sdk=iphoneos*]" = "iPhone Developer";
				COPY_PHASE_STRIP = NO;
				DEBUG_INFORMATION_FORMAT = dwarf;
				ENABLE_STRICT_OBJC_MSGSEND = YES;
				ENABLE_TESTABILITY = YES;
				GCC_C_LANGUAGE_STANDARD = gnu99;
				GCC_DYNAMIC_NO_PIC = NO;
				GCC_NO_COMMON_BLOCKS = YES;
				GCC_OPTIMIZATION_LEVEL = 0;
				GCC_PREPROCESSOR_DEFINITIONS = (
					"DEBUG=1",
					"$(inherited)",
				);
				GCC_WARN_64_TO_32_BIT_CONVERSION = YES;
				GCC_WARN_ABOUT_RETURN_TYPE = YES_ERROR;
				GCC_WARN_UNDECLARED_SELECTOR = YES;
				GCC_WARN_UNINITIALIZED_AUTOS = YES_AGGRESSIVE;
				GCC_WARN_UNUSED_FUNCTION = YES;
				GCC_WARN_UNUSED_VARIABLE = YES;
				IPHONEOS_DEPLOYMENT_TARGET = 10.3;
				MTL_ENABLE_DEBUG_INFO = YES;
				ONLY_ACTIVE_ARCH = YES;
				SDKROOT = iphoneos;
				SWIFT_ACTIVE_COMPILATION_CONDITIONS = DEBUG;
				SWIFT_OPTIMIZATION_LEVEL = "-Onone";
				TARGETED_DEVICE_FAMILY = "1,2";
			};
			name = Debug;
		};
		2E3974861EBE688A00ACF944 /* Release */ = {
			isa = XCBuildConfiguration;
			buildSettings = {
				ALWAYS_SEARCH_USER_PATHS = NO;
				CLANG_ANALYZER_NONNULL = YES;
				CLANG_ANALYZER_NUMBER_OBJECT_CONVERSION = YES_AGGRESSIVE;
				CLANG_CXX_LANGUAGE_STANDARD = "gnu++0x";
				CLANG_CXX_LIBRARY = "libc++";
				CLANG_ENABLE_MODULES = YES;
				CLANG_ENABLE_OBJC_ARC = YES;
				CLANG_WARN_BOOL_CONVERSION = YES;
				CLANG_WARN_CONSTANT_CONVERSION = YES;
				CLANG_WARN_DIRECT_OBJC_ISA_USAGE = YES_ERROR;
				CLANG_WARN_DOCUMENTATION_COMMENTS = YES;
				CLANG_WARN_EMPTY_BODY = YES;
				CLANG_WARN_ENUM_CONVERSION = YES;
				CLANG_WARN_INFINITE_RECURSION = YES;
				CLANG_WARN_INT_CONVERSION = YES;
				CLANG_WARN_OBJC_ROOT_CLASS = YES_ERROR;
				CLANG_WARN_SUSPICIOUS_MOVE = YES;
				CLANG_WARN_UNREACHABLE_CODE = YES;
				CLANG_WARN__DUPLICATE_METHOD_MATCH = YES;
				"CODE_SIGN_IDENTITY[sdk=iphoneos*]" = "iPhone Developer";
				COPY_PHASE_STRIP = NO;
				DEBUG_INFORMATION_FORMAT = "dwarf-with-dsym";
				ENABLE_NS_ASSERTIONS = NO;
				ENABLE_STRICT_OBJC_MSGSEND = YES;
				GCC_C_LANGUAGE_STANDARD = gnu99;
				GCC_NO_COMMON_BLOCKS = YES;
				GCC_WARN_64_TO_32_BIT_CONVERSION = YES;
				GCC_WARN_ABOUT_RETURN_TYPE = YES_ERROR;
				GCC_WARN_UNDECLARED_SELECTOR = YES;
				GCC_WARN_UNINITIALIZED_AUTOS = YES_AGGRESSIVE;
				GCC_WARN_UNUSED_FUNCTION = YES;
				GCC_WARN_UNUSED_VARIABLE = YES;
				IPHONEOS_DEPLOYMENT_TARGET = 10.3;
				MTL_ENABLE_DEBUG_INFO = NO;
				SDKROOT = iphoneos;
				SWIFT_OPTIMIZATION_LEVEL = "-Owholemodule";
				TARGETED_DEVICE_FAMILY = "1,2";
				VALIDATE_PRODUCT = YES;
			};
			name = Release;
		};
		2E3974881EBE688A00ACF944 /* Debug */ = {
			isa = XCBuildConfiguration;
			buildSettings = {
				ASSETCATALOG_COMPILER_APPICON_NAME = AppIcon;
				INFOPLIST_FILE = RamadanMobark/Info.plist;
				LD_RUNPATH_SEARCH_PATHS = "$(inherited) @executable_path/Frameworks";
				PRODUCT_BUNDLE_IDENTIFIER = SeifCo.RamadanMobark;
				PRODUCT_NAME = "$(TARGET_NAME)";
				SWIFT_VERSION = 3.0;
			};
			name = Debug;
		};
		2E3974891EBE688A00ACF944 /* Release */ = {
			isa = XCBuildConfiguration;
			buildSettings = {
				ASSETCATALOG_COMPILER_APPICON_NAME = AppIcon;
				INFOPLIST_FILE = RamadanMobark/Info.plist;
				LD_RUNPATH_SEARCH_PATHS = "$(inherited) @executable_path/Frameworks";
				PRODUCT_BUNDLE_IDENTIFIER = SeifCo.RamadanMobark;
				PRODUCT_NAME = "$(TARGET_NAME)";
				SWIFT_VERSION = 3.0;
			};
			name = Release;
		};
/* End XCBuildConfiguration section */

/* Begin XCConfigurationList section */
		2E3974701EBE688900ACF944 /* Build configuration list for PBXProject "RamadanMobark" */ = {
			isa = XCConfigurationList;
			buildConfigurations = (
				2E3974851EBE688A00ACF944 /* Debug */,
				2E3974861EBE688A00ACF944 /* Release */,
			);
			defaultConfigurationIsVisible = 0;
			defaultConfigurationName = Release;
		};
		2E3974871EBE688A00ACF944 /* Build configuration list for PBXNativeTarget "RamadanMobark" */ = {
			isa = XCConfigurationList;
			buildConfigurations = (
				2E3974881EBE688A00ACF944 /* Debug */,
				2E3974891EBE688A00ACF944 /* Release */,
			);
			defaultConfigurationIsVisible = 0;
		};
/* End XCConfigurationList section */
	};
	rootObject = 2E39746D1EBE688900ACF944 /* Project object */;
}
